// !$*UTF8*$!
{
	archiveVersion = 1;
	classes = {
	};
	objectVersion = 50;
	objects = {

/* Begin PBXBuildFile section */
		1D03396E4664928B4DE360FB /* libPods-BaiSi.a in Frameworks */ = {isa = PBXBuildFile; fileRef = EB82FED28201ECF1DD41CE8C /* libPods-BaiSi.a */; };
		8C6A57F522D0F0FD00DE3501 /* AppDelegate.swift in Sources */ = {isa = PBXBuildFile; fileRef = 8C6A57F422D0F0FD00DE3501 /* AppDelegate.swift */; };
		8C6A57FC22D0F10100DE3501 /* Assets.xcassets in Resources */ = {isa = PBXBuildFile; fileRef = 8C6A57FB22D0F10100DE3501 /* Assets.xcassets */; };
		8C6A580A22D0F10100DE3501 /* BaiSiTests.swift in Sources */ = {isa = PBXBuildFile; fileRef = 8C6A580922D0F10100DE3501 /* BaiSiTests.swift */; };
		8C6A581522D0F10100DE3501 /* BaiSiUITests.swift in Sources */ = {isa = PBXBuildFile; fileRef = 8C6A581422D0F10100DE3501 /* BaiSiUITests.swift */; };
		8CCF048122D1C5DC0004334B /* BSHomeViewController.swift in Sources */ = {isa = PBXBuildFile; fileRef = 8CCF048022D1C5DC0004334B /* BSHomeViewController.swift */; };
		8CCF048722D1C6E80004334B /* BSNewsViewController.swift in Sources */ = {isa = PBXBuildFile; fileRef = 8CCF048622D1C6E80004334B /* BSNewsViewController.swift */; };
		8CCF048922D1C70B0004334B /* BSAttentionViewController.swift in Sources */ = {isa = PBXBuildFile; fileRef = 8CCF048822D1C70B0004334B /* BSAttentionViewController.swift */; };
		8CCF048B22D1C7260004334B /* BSMineViewController.swift in Sources */ = {isa = PBXBuildFile; fileRef = 8CCF048A22D1C7260004334B /* BSMineViewController.swift */; };
		8CCF048D22D1C7530004334B /* BSNavViewController.swift in Sources */ = {isa = PBXBuildFile; fileRef = 8CCF048C22D1C7530004334B /* BSNavViewController.swift */; };
		8CCF048F22D1C7790004334B /* BSTabBarViewController.swift in Sources */ = {isa = PBXBuildFile; fileRef = 8CCF048E22D1C7790004334B /* BSTabBarViewController.swift */; };
		8CCF049122D1C78F0004334B /* BSBaseViewController.swift in Sources */ = {isa = PBXBuildFile; fileRef = 8CCF049022D1C78F0004334B /* BSBaseViewController.swift */; };
		8CCF049322D1CC130004334B /* BSTabBarItem.swift in Sources */ = {isa = PBXBuildFile; fileRef = 8CCF049222D1CC130004334B /* BSTabBarItem.swift */; };
		8CCF049522D1D2B50004334B /* BSTabBarView.swift in Sources */ = {isa = PBXBuildFile; fileRef = 8CCF049422D1D2B50004334B /* BSTabBarView.swift */; };
		8CCF049722D1D6DB0004334B /* BSTabBarItemButton.swift in Sources */ = {isa = PBXBuildFile; fileRef = 8CCF049622D1D6DB0004334B /* BSTabBarItemButton.swift */; };
		8CCF049B22D1DEEF0004334B /* UIView_ForFrame.swift in Sources */ = {isa = PBXBuildFile; fileRef = 8CCF049A22D1DEEF0004334B /* UIView_ForFrame.swift */; };
/* End PBXBuildFile section */

/* Begin PBXContainerItemProxy section */
		8C6A580622D0F10100DE3501 /* PBXContainerItemProxy */ = {
			isa = PBXContainerItemProxy;
			containerPortal = 8C6A57E922D0F0FD00DE3501 /* Project object */;
			proxyType = 1;
			remoteGlobalIDString = 8C6A57F022D0F0FD00DE3501;
			remoteInfo = BaiSi;
		};
		8C6A581122D0F10100DE3501 /* PBXContainerItemProxy */ = {
			isa = PBXContainerItemProxy;
			containerPortal = 8C6A57E922D0F0FD00DE3501 /* Project object */;
			proxyType = 1;
			remoteGlobalIDString = 8C6A57F022D0F0FD00DE3501;
			remoteInfo = BaiSi;
		};
/* End PBXContainerItemProxy section */

/* Begin PBXFileReference section */
		16FF2155EC811201AD62FBCF /* Pods-BaiSi.release.xcconfig */ = {isa = PBXFileReference; includeInIndex = 1; lastKnownFileType = text.xcconfig; name = "Pods-BaiSi.release.xcconfig"; path = "Target Support Files/Pods-BaiSi/Pods-BaiSi.release.xcconfig"; sourceTree = "<group>"; };
		67577897838916698F9A0600 /* Pods-BaiSi.debug.xcconfig */ = {isa = PBXFileReference; includeInIndex = 1; lastKnownFileType = text.xcconfig; name = "Pods-BaiSi.debug.xcconfig"; path = "Target Support Files/Pods-BaiSi/Pods-BaiSi.debug.xcconfig"; sourceTree = "<group>"; };
		8C6A57F122D0F0FD00DE3501 /* BaiSi.app */ = {isa = PBXFileReference; explicitFileType = wrapper.application; includeInIndex = 0; path = BaiSi.app; sourceTree = BUILT_PRODUCTS_DIR; };
		8C6A57F422D0F0FD00DE3501 /* AppDelegate.swift */ = {isa = PBXFileReference; lastKnownFileType = sourcecode.swift; path = AppDelegate.swift; sourceTree = "<group>"; };
		8C6A57FB22D0F10100DE3501 /* Assets.xcassets */ = {isa = PBXFileReference; lastKnownFileType = folder.assetcatalog; path = Assets.xcassets; sourceTree = "<group>"; };
		8C6A580022D0F10100DE3501 /* Info.plist */ = {isa = PBXFileReference; lastKnownFileType = text.plist.xml; path = Info.plist; sourceTree = "<group>"; };
		8C6A580522D0F10100DE3501 /* BaiSiTests.xctest */ = {isa = PBXFileReference; explicitFileType = wrapper.cfbundle; includeInIndex = 0; path = BaiSiTests.xctest; sourceTree = BUILT_PRODUCTS_DIR; };
		8C6A580922D0F10100DE3501 /* BaiSiTests.swift */ = {isa = PBXFileReference; lastKnownFileType = sourcecode.swift; path = BaiSiTests.swift; sourceTree = "<group>"; };
		8C6A580B22D0F10100DE3501 /* Info.plist */ = {isa = PBXFileReference; lastKnownFileType = text.plist.xml; path = Info.plist; sourceTree = "<group>"; };
		8C6A581022D0F10100DE3501 /* BaiSiUITests.xctest */ = {isa = PBXFileReference; explicitFileType = wrapper.cfbundle; includeInIndex = 0; path = BaiSiUITests.xctest; sourceTree = BUILT_PRODUCTS_DIR; };
		8C6A581422D0F10100DE3501 /* BaiSiUITests.swift */ = {isa = PBXFileReference; lastKnownFileType = sourcecode.swift; path = BaiSiUITests.swift; sourceTree = "<group>"; };
		8C6A581622D0F10100DE3501 /* Info.plist */ = {isa = PBXFileReference; lastKnownFileType = text.plist.xml; path = Info.plist; sourceTree = "<group>"; };
		8CCF048022D1C5DC0004334B /* BSHomeViewController.swift */ = {isa = PBXFileReference; lastKnownFileType = sourcecode.swift; path = BSHomeViewController.swift; sourceTree = "<group>"; };
		8CCF048622D1C6E80004334B /* BSNewsViewController.swift */ = {isa = PBXFileReference; lastKnownFileType = sourcecode.swift; path = BSNewsViewController.swift; sourceTree = "<group>"; };
		8CCF048822D1C70B0004334B /* BSAttentionViewController.swift */ = {isa = PBXFileReference; lastKnownFileType = sourcecode.swift; path = BSAttentionViewController.swift; sourceTree = "<group>"; };
		8CCF048A22D1C7260004334B /* BSMineViewController.swift */ = {isa = PBXFileReference; lastKnownFileType = sourcecode.swift; path = BSMineViewController.swift; sourceTree = "<group>"; };
		8CCF048C22D1C7530004334B /* BSNavViewController.swift */ = {isa = PBXFileReference; lastKnownFileType = sourcecode.swift; path = BSNavViewController.swift; sourceTree = "<group>"; };
		8CCF048E22D1C7790004334B /* BSTabBarViewController.swift */ = {isa = PBXFileReference; lastKnownFileType = sourcecode.swift; path = BSTabBarViewController.swift; sourceTree = "<group>"; };
		8CCF049022D1C78F0004334B /* BSBaseViewController.swift */ = {isa = PBXFileReference; lastKnownFileType = sourcecode.swift; path = BSBaseViewController.swift; sourceTree = "<group>"; };
		8CCF049222D1CC130004334B /* BSTabBarItem.swift */ = {isa = PBXFileReference; lastKnownFileType = sourcecode.swift; path = BSTabBarItem.swift; sourceTree = "<group>"; };
		8CCF049422D1D2B50004334B /* BSTabBarView.swift */ = {isa = PBXFileReference; lastKnownFileType = sourcecode.swift; path = BSTabBarView.swift; sourceTree = "<group>"; };
		8CCF049622D1D6DB0004334B /* BSTabBarItemButton.swift */ = {isa = PBXFileReference; lastKnownFileType = sourcecode.swift; path = BSTabBarItemButton.swift; sourceTree = "<group>"; };
		8CCF049A22D1DEEF0004334B /* UIView_ForFrame.swift */ = {isa = PBXFileReference; lastKnownFileType = sourcecode.swift; path = UIView_ForFrame.swift; sourceTree = "<group>"; };
		EB82FED28201ECF1DD41CE8C /* libPods-BaiSi.a */ = {isa = PBXFileReference; explicitFileType = archive.ar; includeInIndex = 0; path = "libPods-BaiSi.a"; sourceTree = BUILT_PRODUCTS_DIR; };
/* End PBXFileReference section */

/* Begin PBXFrameworksBuildPhase section */
		8C6A57EE22D0F0FD00DE3501 /* Frameworks */ = {
			isa = PBXFrameworksBuildPhase;
			buildActionMask = 2147483647;
			files = (
				1D03396E4664928B4DE360FB /* libPods-BaiSi.a in Frameworks */,
			);
			runOnlyForDeploymentPostprocessing = 0;
		};
		8C6A580222D0F10100DE3501 /* Frameworks */ = {
			isa = PBXFrameworksBuildPhase;
			buildActionMask = 2147483647;
			files = (
			);
			runOnlyForDeploymentPostprocessing = 0;
		};
		8C6A580D22D0F10100DE3501 /* Frameworks */ = {
			isa = PBXFrameworksBuildPhase;
			buildActionMask = 2147483647;
			files = (
			);
			runOnlyForDeploymentPostprocessing = 0;
		};
/* End PBXFrameworksBuildPhase section */

/* Begin PBXGroup section */
		8C6A57E822D0F0FD00DE3501 = {
			isa = PBXGroup;
			children = (
				8C6A57F322D0F0FD00DE3501 /* BaiSi */,
				8C6A580822D0F10100DE3501 /* BaiSiTests */,
				8C6A581322D0F10100DE3501 /* BaiSiUITests */,
				8C6A57F222D0F0FD00DE3501 /* Products */,
				AD5C7BA5B402E654076BF95E /* Pods */,
				F2C5207BCB7434241991B385 /* Frameworks */,
			);
			sourceTree = "<group>";
		};
		8C6A57F222D0F0FD00DE3501 /* Products */ = {
			isa = PBXGroup;
			children = (
				8C6A57F122D0F0FD00DE3501 /* BaiSi.app */,
				8C6A580522D0F10100DE3501 /* BaiSiTests.xctest */,
				8C6A581022D0F10100DE3501 /* BaiSiUITests.xctest */,
			);
			name = Products;
			sourceTree = "<group>";
		};
		8C6A57F322D0F0FD00DE3501 /* BaiSi */ = {
			isa = PBXGroup;
			children = (
				8CCF046222D1C5AC0004334B /* Classes */,
				8C6A57FB22D0F10100DE3501 /* Assets.xcassets */,
				8C6A580022D0F10100DE3501 /* Info.plist */,
				8C6A57F422D0F0FD00DE3501 /* AppDelegate.swift */,
			);
			path = BaiSi;
			sourceTree = "<group>";
		};
		8C6A580822D0F10100DE3501 /* BaiSiTests */ = {
			isa = PBXGroup;
			children = (
				8C6A580922D0F10100DE3501 /* BaiSiTests.swift */,
				8C6A580B22D0F10100DE3501 /* Info.plist */,
			);
			path = BaiSiTests;
			sourceTree = "<group>";
		};
		8C6A581322D0F10100DE3501 /* BaiSiUITests */ = {
			isa = PBXGroup;
			children = (
				8C6A581422D0F10100DE3501 /* BaiSiUITests.swift */,
				8C6A581622D0F10100DE3501 /* Info.plist */,
			);
			path = BaiSiUITests;
			sourceTree = "<group>";
		};
		8CCF046222D1C5AC0004334B /* Classes */ = {
			isa = PBXGroup;
			children = (
				8CCF046722D1C5AC0004334B /* Gobal(全局) */,
				8CCF046322D1C5AC0004334B /* Home(首页) */,
				8CCF046C22D1C5AC0004334B /* New(新帖) */,
				8CCF048222D1C6A10004334B /* Attention(关注) */,
				8CCF047822D1C5AC0004334B /* Me(我) */,
				8CCF046B22D1C5AC0004334B /* Essence(精华) */,
				8CCF047022D1C5AC0004334B /* Setting(设置) */,
				8CCF047422D1C5AC0004334B /* AD(广告) */,
				8CCF047C22D1C5AC0004334B /* Publish(发布) */,
				8CCF049822D1DDEA0004334B /* Tool(工具) */,
			);
			path = Classes;
			sourceTree = "<group>";
		};
		8CCF046322D1C5AC0004334B /* Home(首页) */ = {
			isa = PBXGroup;
			children = (
				8CCF046422D1C5AC0004334B /* Controller */,
				8CCF046522D1C5AC0004334B /* Model */,
				8CCF046622D1C5AC0004334B /* View */,
			);
			path = "Home(首页)";
			sourceTree = "<group>";
		};
		8CCF046422D1C5AC0004334B /* Controller */ = {
			isa = PBXGroup;
			children = (
				8CCF048022D1C5DC0004334B /* BSHomeViewController.swift */,
			);
			path = Controller;
			sourceTree = "<group>";
		};
		8CCF046522D1C5AC0004334B /* Model */ = {
			isa = PBXGroup;
			children = (
			);
			path = Model;
			sourceTree = "<group>";
		};
		8CCF046622D1C5AC0004334B /* View */ = {
			isa = PBXGroup;
			children = (
			);
			path = View;
			sourceTree = "<group>";
		};
		8CCF046722D1C5AC0004334B /* Gobal(全局) */ = {
			isa = PBXGroup;
			children = (
				8CCF046822D1C5AC0004334B /* Controller */,
				8CCF046922D1C5AC0004334B /* Model */,
				8CCF046A22D1C5AC0004334B /* View */,
			);
			path = "Gobal(全局)";
			sourceTree = "<group>";
		};
		8CCF046822D1C5AC0004334B /* Controller */ = {
			isa = PBXGroup;
			children = (
				8CCF048C22D1C7530004334B /* BSNavViewController.swift */,
				8CCF048E22D1C7790004334B /* BSTabBarViewController.swift */,
				8CCF049022D1C78F0004334B /* BSBaseViewController.swift */,
			);
			path = Controller;
			sourceTree = "<group>";
		};
		8CCF046922D1C5AC0004334B /* Model */ = {
			isa = PBXGroup;
			children = (
				8CCF049222D1CC130004334B /* BSTabBarItem.swift */,
			);
			path = Model;
			sourceTree = "<group>";
		};
		8CCF046A22D1C5AC0004334B /* View */ = {
			isa = PBXGroup;
			children = (
				8CCF049422D1D2B50004334B /* BSTabBarView.swift */,
				8CCF049622D1D6DB0004334B /* BSTabBarItemButton.swift */,
			);
			path = View;
			sourceTree = "<group>";
		};
		8CCF046B22D1C5AC0004334B /* Essence(精华) */ = {
			isa = PBXGroup;
			children = (
			);
			path = "Essence(精华)";
			sourceTree = "<group>";
		};
		8CCF046C22D1C5AC0004334B /* New(新帖) */ = {
			isa = PBXGroup;
			children = (
				8CCF046D22D1C5AC0004334B /* Controller */,
				8CCF046E22D1C5AC0004334B /* Model */,
				8CCF046F22D1C5AC0004334B /* View */,
			);
			path = "New(新帖)";
			sourceTree = "<group>";
		};
		8CCF046D22D1C5AC0004334B /* Controller */ = {
			isa = PBXGroup;
			children = (
				8CCF048622D1C6E80004334B /* BSNewsViewController.swift */,
			);
			path = Controller;
			sourceTree = "<group>";
		};
		8CCF046E22D1C5AC0004334B /* Model */ = {
			isa = PBXGroup;
			children = (
			);
			path = Model;
			sourceTree = "<group>";
		};
		8CCF046F22D1C5AC0004334B /* View */ = {
			isa = PBXGroup;
			children = (
			);
			path = View;
			sourceTree = "<group>";
		};
		8CCF047022D1C5AC0004334B /* Setting(设置) */ = {
			isa = PBXGroup;
			children = (
				8CCF047122D1C5AC0004334B /* Controller */,
				8CCF047222D1C5AC0004334B /* Model */,
				8CCF047322D1C5AC0004334B /* View */,
			);
			path = "Setting(设置)";
			sourceTree = "<group>";
		};
		8CCF047122D1C5AC0004334B /* Controller */ = {
			isa = PBXGroup;
			children = (
			);
			path = Controller;
			sourceTree = "<group>";
		};
		8CCF047222D1C5AC0004334B /* Model */ = {
			isa = PBXGroup;
			children = (
			);
			path = Model;
			sourceTree = "<group>";
		};
		8CCF047322D1C5AC0004334B /* View */ = {
			isa = PBXGroup;
			children = (
			);
			path = View;
			sourceTree = "<group>";
		};
		8CCF047422D1C5AC0004334B /* AD(广告) */ = {
			isa = PBXGroup;
			children = (
				8CCF047522D1C5AC0004334B /* Controller */,
				8CCF047622D1C5AC0004334B /* Model */,
				8CCF047722D1C5AC0004334B /* View */,
			);
			path = "AD(广告)";
			sourceTree = "<group>";
		};
		8CCF047522D1C5AC0004334B /* Controller */ = {
			isa = PBXGroup;
			children = (
			);
			path = Controller;
			sourceTree = "<group>";
		};
		8CCF047622D1C5AC0004334B /* Model */ = {
			isa = PBXGroup;
			children = (
			);
			path = Model;
			sourceTree = "<group>";
		};
		8CCF047722D1C5AC0004334B /* View */ = {
			isa = PBXGroup;
			children = (
			);
			path = View;
			sourceTree = "<group>";
		};
		8CCF047822D1C5AC0004334B /* Me(我) */ = {
			isa = PBXGroup;
			children = (
				8CCF047922D1C5AC0004334B /* Controller */,
				8CCF047A22D1C5AC0004334B /* Model */,
				8CCF047B22D1C5AC0004334B /* View */,
			);
			path = "Me(我)";
			sourceTree = "<group>";
		};
		8CCF047922D1C5AC0004334B /* Controller */ = {
			isa = PBXGroup;
			children = (
				8CCF048A22D1C7260004334B /* BSMineViewController.swift */,
			);
			path = Controller;
			sourceTree = "<group>";
		};
		8CCF047A22D1C5AC0004334B /* Model */ = {
			isa = PBXGroup;
			children = (
			);
			path = Model;
			sourceTree = "<group>";
		};
		8CCF047B22D1C5AC0004334B /* View */ = {
			isa = PBXGroup;
			children = (
			);
			path = View;
			sourceTree = "<group>";
		};
		8CCF047C22D1C5AC0004334B /* Publish(发布) */ = {
			isa = PBXGroup;
			children = (
				8CCF047D22D1C5AC0004334B /* Controller */,
				8CCF047E22D1C5AC0004334B /* Model */,
				8CCF047F22D1C5AC0004334B /* View */,
			);
			path = "Publish(发布)";
			sourceTree = "<group>";
		};
		8CCF047D22D1C5AC0004334B /* Controller */ = {
			isa = PBXGroup;
			children = (
			);
			path = Controller;
			sourceTree = "<group>";
		};
		8CCF047E22D1C5AC0004334B /* Model */ = {
			isa = PBXGroup;
			children = (
			);
			path = Model;
			sourceTree = "<group>";
		};
		8CCF047F22D1C5AC0004334B /* View */ = {
			isa = PBXGroup;
			children = (
			);
			path = View;
			sourceTree = "<group>";
		};
		8CCF048222D1C6A10004334B /* Attention(关注) */ = {
			isa = PBXGroup;
			children = (
				8CCF048322D1C6A10004334B /* Controller */,
				8CCF048422D1C6A10004334B /* Model */,
				8CCF048522D1C6A10004334B /* View */,
			);
			path = "Attention(关注)";
			sourceTree = "<group>";
		};
		8CCF048322D1C6A10004334B /* Controller */ = {
			isa = PBXGroup;
			children = (
				8CCF048822D1C70B0004334B /* BSAttentionViewController.swift */,
			);
			path = Controller;
			sourceTree = "<group>";
		};
		8CCF048422D1C6A10004334B /* Model */ = {
			isa = PBXGroup;
			children = (
			);
			path = Model;
			sourceTree = "<group>";
		};
		8CCF048522D1C6A10004334B /* View */ = {
			isa = PBXGroup;
			children = (
			);
			path = View;
			sourceTree = "<group>";
		};
		8CCF049822D1DDEA0004334B /* Tool(工具) */ = {
			isa = PBXGroup;
			children = (
				8CCF049922D1DE110004334B /* Extension */,
			);
			path = "Tool(工具)";
			sourceTree = "<group>";
		};
		8CCF049922D1DE110004334B /* Extension */ = {
			isa = PBXGroup;
			children = (
				8CCF049A22D1DEEF0004334B /* UIView_ForFrame.swift */,
			);
			path = Extension;
			sourceTree = "<group>";
		};
		AD5C7BA5B402E654076BF95E /* Pods */ = {
			isa = PBXGroup;
			children = (
				67577897838916698F9A0600 /* Pods-BaiSi.debug.xcconfig */,
				16FF2155EC811201AD62FBCF /* Pods-BaiSi.release.xcconfig */,
			);
			name = Pods;
			path = Pods;
			sourceTree = "<group>";
		};
		F2C5207BCB7434241991B385 /* Frameworks */ = {
			isa = PBXGroup;
			children = (
				EB82FED28201ECF1DD41CE8C /* libPods-BaiSi.a */,
			);
			name = Frameworks;
			sourceTree = "<group>";
		};
/* End PBXGroup section */

/* Begin PBXNativeTarget section */
		8C6A57F022D0F0FD00DE3501 /* BaiSi */ = {
			isa = PBXNativeTarget;
			buildConfigurationList = 8C6A581922D0F10100DE3501 /* Build configuration list for PBXNativeTarget "BaiSi" */;
			buildPhases = (
				A3D94CE850EC183430801A0F /* [CP] Check Pods Manifest.lock */,
				8C6A57ED22D0F0FD00DE3501 /* Sources */,
				8C6A57EE22D0F0FD00DE3501 /* Frameworks */,
				8C6A57EF22D0F0FD00DE3501 /* Resources */,
			);
			buildRules = (
			);
			dependencies = (
			);
			name = BaiSi;
			productName = BaiSi;
			productReference = 8C6A57F122D0F0FD00DE3501 /* BaiSi.app */;
			productType = "com.apple.product-type.application";
		};
		8C6A580422D0F10100DE3501 /* BaiSiTests */ = {
			isa = PBXNativeTarget;
			buildConfigurationList = 8C6A581C22D0F10100DE3501 /* Build configuration list for PBXNativeTarget "BaiSiTests" */;
			buildPhases = (
				8C6A580122D0F10100DE3501 /* Sources */,
				8C6A580222D0F10100DE3501 /* Frameworks */,
				8C6A580322D0F10100DE3501 /* Resources */,
			);
			buildRules = (
			);
			dependencies = (
				8C6A580722D0F10100DE3501 /* PBXTargetDependency */,
			);
			name = BaiSiTests;
			productName = BaiSiTests;
			productReference = 8C6A580522D0F10100DE3501 /* BaiSiTests.xctest */;
			productType = "com.apple.product-type.bundle.unit-test";
		};
		8C6A580F22D0F10100DE3501 /* BaiSiUITests */ = {
			isa = PBXNativeTarget;
			buildConfigurationList = 8C6A581F22D0F10100DE3501 /* Build configuration list for PBXNativeTarget "BaiSiUITests" */;
			buildPhases = (
				8C6A580C22D0F10100DE3501 /* Sources */,
				8C6A580D22D0F10100DE3501 /* Frameworks */,
				8C6A580E22D0F10100DE3501 /* Resources */,
			);
			buildRules = (
			);
			dependencies = (
				8C6A581222D0F10100DE3501 /* PBXTargetDependency */,
			);
			name = BaiSiUITests;
			productName = BaiSiUITests;
			productReference = 8C6A581022D0F10100DE3501 /* BaiSiUITests.xctest */;
			productType = "com.apple.product-type.bundle.ui-testing";
		};
/* End PBXNativeTarget section */

/* Begin PBXProject section */
		8C6A57E922D0F0FD00DE3501 /* Project object */ = {
			isa = PBXProject;
			attributes = {
				CLASSPREFIX = BS;
				LastSwiftUpdateCheck = 1020;
				LastUpgradeCheck = 1020;
				ORGANIZATIONNAME = com.nexpaq;
				TargetAttributes = {
					8C6A57F022D0F0FD00DE3501 = {
						CreatedOnToolsVersion = 10.2.1;
					};
					8C6A580422D0F10100DE3501 = {
						CreatedOnToolsVersion = 10.2.1;
						TestTargetID = 8C6A57F022D0F0FD00DE3501;
					};
					8C6A580F22D0F10100DE3501 = {
						CreatedOnToolsVersion = 10.2.1;
						TestTargetID = 8C6A57F022D0F0FD00DE3501;
					};
				};
			};
			buildConfigurationList = 8C6A57EC22D0F0FD00DE3501 /* Build configuration list for PBXProject "BaiSi" */;
			compatibilityVersion = "Xcode 9.3";
			developmentRegion = en;
			hasScannedForEncodings = 0;
			knownRegions = (
				en,
				Base,
			);
			mainGroup = 8C6A57E822D0F0FD00DE3501;
			productRefGroup = 8C6A57F222D0F0FD00DE3501 /* Products */;
			projectDirPath = "";
			projectRoot = "";
			targets = (
				8C6A57F022D0F0FD00DE3501 /* BaiSi */,
				8C6A580422D0F10100DE3501 /* BaiSiTests */,
				8C6A580F22D0F10100DE3501 /* BaiSiUITests */,
			);
		};
/* End PBXProject section */

/* Begin PBXResourcesBuildPhase section */
		8C6A57EF22D0F0FD00DE3501 /* Resources */ = {
			isa = PBXResourcesBuildPhase;
			buildActionMask = 2147483647;
			files = (
				8C6A57FC22D0F10100DE3501 /* Assets.xcassets in Resources */,
			);
			runOnlyForDeploymentPostprocessing = 0;
		};
		8C6A580322D0F10100DE3501 /* Resources */ = {
			isa = PBXResourcesBuildPhase;
			buildActionMask = 2147483647;
			files = (
			);
			runOnlyForDeploymentPostprocessing = 0;
		};
		8C6A580E22D0F10100DE3501 /* Resources */ = {
			isa = PBXResourcesBuildPhase;
			buildActionMask = 2147483647;
			files = (
			);
			runOnlyForDeploymentPostprocessing = 0;
		};
/* End PBXResourcesBuildPhase section */

/* Begin PBXShellScriptBuildPhase section */
		A3D94CE850EC183430801A0F /* [CP] Check Pods Manifest.lock */ = {
			isa = PBXShellScriptBuildPhase;
			buildActionMask = 2147483647;
			files = (
			);
			inputFileListPaths = (
			);
			inputPaths = (
				"${PODS_PODFILE_DIR_PATH}/Podfile.lock",
				"${PODS_ROOT}/Manifest.lock",
			);
			name = "[CP] Check Pods Manifest.lock";
			outputFileListPaths = (
			);
			outputPaths = (
				"$(DERIVED_FILE_DIR)/Pods-BaiSi-checkManifestLockResult.txt",
			);
			runOnlyForDeploymentPostprocessing = 0;
			shellPath = /bin/sh;
			shellScript = "diff \"${PODS_PODFILE_DIR_PATH}/Podfile.lock\" \"${PODS_ROOT}/Manifest.lock\" > /dev/null\nif [ $? != 0 ] ; then\n    # print error to STDERR\n    echo \"error: The sandbox is not in sync with the Podfile.lock. Run 'pod install' or update your CocoaPods installation.\" >&2\n    exit 1\nfi\n# This output is used by Xcode 'outputs' to avoid re-running this script phase.\necho \"SUCCESS\" > \"${SCRIPT_OUTPUT_FILE_0}\"\n";
			showEnvVarsInLog = 0;
		};
/* End PBXShellScriptBuildPhase section */

/* Begin PBXSourcesBuildPhase section */
		8C6A57ED22D0F0FD00DE3501 /* Sources */ = {
			isa = PBXSourcesBuildPhase;
			buildActionMask = 2147483647;
			files = (
				8CCF048B22D1C7260004334B /* BSMineViewController.swift in Sources */,
				8CCF049322D1CC130004334B /* BSTabBarItem.swift in Sources */,
				8CCF049B22D1DEEF0004334B /* UIView_ForFrame.swift in Sources */,
				8CCF048922D1C70B0004334B /* BSAttentionViewController.swift in Sources */,
				8CCF049522D1D2B50004334B /* BSTabBarView.swift in Sources */,
				8CCF048122D1C5DC0004334B /* BSHomeViewController.swift in Sources */,
				8CCF049722D1D6DB0004334B /* BSTabBarItemButton.swift in Sources */,
				8CCF048722D1C6E80004334B /* BSNewsViewController.swift in Sources */,
				8CCF049122D1C78F0004334B /* BSBaseViewController.swift in Sources */,
				8CCF048F22D1C7790004334B /* BSTabBarViewController.swift in Sources */,
				8C6A57F522D0F0FD00DE3501 /* AppDelegate.swift in Sources */,
				8CCF048D22D1C7530004334B /* BSNavViewController.swift in Sources */,
			);
			runOnlyForDeploymentPostprocessing = 0;
		};
		8C6A580122D0F10100DE3501 /* Sources */ = {
			isa = PBXSourcesBuildPhase;
			buildActionMask = 2147483647;
			files = (
				8C6A580A22D0F10100DE3501 /* BaiSiTests.swift in Sources */,
			);
			runOnlyForDeploymentPostprocessing = 0;
		};
		8C6A580C22D0F10100DE3501 /* Sources */ = {
			isa = PBXSourcesBuildPhase;
			buildActionMask = 2147483647;
			files = (
				8C6A581522D0F10100DE3501 /* BaiSiUITests.swift in Sources */,
			);
			runOnlyForDeploymentPostprocessing = 0;
		};
/* End PBXSourcesBuildPhase section */

/* Begin PBXTargetDependency section */
		8C6A580722D0F10100DE3501 /* PBXTargetDependency */ = {
			isa = PBXTargetDependency;
			target = 8C6A57F022D0F0FD00DE3501 /* BaiSi */;
			targetProxy = 8C6A580622D0F10100DE3501 /* PBXContainerItemProxy */;
		};
		8C6A581222D0F10100DE3501 /* PBXTargetDependency */ = {
			isa = PBXTargetDependency;
			target = 8C6A57F022D0F0FD00DE3501 /* BaiSi */;
			targetProxy = 8C6A581122D0F10100DE3501 /* PBXContainerItemProxy */;
		};
/* End PBXTargetDependency section */

/* Begin XCBuildConfiguration section */
		8C6A581722D0F10100DE3501 /* Debug */ = {
			isa = XCBuildConfiguration;
			buildSettings = {
				ALWAYS_SEARCH_USER_PATHS = NO;
				CLANG_ANALYZER_NONNULL = YES;
				CLANG_ANALYZER_NUMBER_OBJECT_CONVERSION = YES_AGGRESSIVE;
				CLANG_CXX_LANGUAGE_STANDARD = "gnu++14";
				CLANG_CXX_LIBRARY = "libc++";
				CLANG_ENABLE_MODULES = YES;
				CLANG_ENABLE_OBJC_ARC = YES;
				CLANG_ENABLE_OBJC_WEAK = YES;
				CLANG_WARN_BLOCK_CAPTURE_AUTORELEASING = YES;
				CLANG_WARN_BOOL_CONVERSION = YES;
				CLANG_WARN_COMMA = YES;
				CLANG_WARN_CONSTANT_CONVERSION = YES;
				CLANG_WARN_DEPRECATED_OBJC_IMPLEMENTATIONS = YES;
				CLANG_WARN_DIRECT_OBJC_ISA_USAGE = YES_ERROR;
				CLANG_WARN_DOCUMENTATION_COMMENTS = YES;
				CLANG_WARN_EMPTY_BODY = YES;
				CLANG_WARN_ENUM_CONVERSION = YES;
				CLANG_WARN_INFINITE_RECURSION = YES;
				CLANG_WARN_INT_CONVERSION = YES;
				CLANG_WARN_NON_LITERAL_NULL_CONVERSION = YES;
				CLANG_WARN_OBJC_IMPLICIT_RETAIN_SELF = YES;
				CLANG_WARN_OBJC_LITERAL_CONVERSION = YES;
				CLANG_WARN_OBJC_ROOT_CLASS = YES_ERROR;
				CLANG_WARN_RANGE_LOOP_ANALYSIS = YES;
				CLANG_WARN_STRICT_PROTOTYPES = YES;
				CLANG_WARN_SUSPICIOUS_MOVE = YES;
				CLANG_WARN_UNGUARDED_AVAILABILITY = YES_AGGRESSIVE;
				CLANG_WARN_UNREACHABLE_CODE = YES;
				CLANG_WARN__DUPLICATE_METHOD_MATCH = YES;
				CODE_SIGN_IDENTITY = "iPhone Developer";
				COPY_PHASE_STRIP = NO;
				DEBUG_INFORMATION_FORMAT = dwarf;
				ENABLE_STRICT_OBJC_MSGSEND = YES;
				ENABLE_TESTABILITY = YES;
				GCC_C_LANGUAGE_STANDARD = gnu11;
				GCC_DYNAMIC_NO_PIC = NO;
				GCC_NO_COMMON_BLOCKS = YES;
				GCC_OPTIMIZATION_LEVEL = 0;
				GCC_PREPROCESSOR_DEFINITIONS = (
					"DEBUG=1",
					"$(inherited)",
				);
				GCC_WARN_64_TO_32_BIT_CONVERSION = YES;
				GCC_WARN_ABOUT_RETURN_TYPE = YES_ERROR;
				GCC_WARN_UNDECLARED_SELECTOR = YES;
				GCC_WARN_UNINITIALIZED_AUTOS = YES_AGGRESSIVE;
				GCC_WARN_UNUSED_FUNCTION = YES;
				GCC_WARN_UNUSED_VARIABLE = YES;
				IPHONEOS_DEPLOYMENT_TARGET = 12.2;
				MTL_ENABLE_DEBUG_INFO = INCLUDE_SOURCE;
				MTL_FAST_MATH = YES;
				ONLY_ACTIVE_ARCH = YES;
				SDKROOT = iphoneos;
				SWIFT_ACTIVE_COMPILATION_CONDITIONS = DEBUG;
				SWIFT_OPTIMIZATION_LEVEL = "-Onone";
			};
			name = Debug;
		};
		8C6A581822D0F10100DE3501 /* Release */ = {
			isa = XCBuildConfiguration;
			buildSettings = {
				ALWAYS_SEARCH_USER_PATHS = NO;
				CLANG_ANALYZER_NONNULL = YES;
				CLANG_ANALYZER_NUMBER_OBJECT_CONVERSION = YES_AGGRESSIVE;
				CLANG_CXX_LANGUAGE_STANDARD = "gnu++14";
				CLANG_CXX_LIBRARY = "libc++";
				CLANG_ENABLE_MODULES = YES;
				CLANG_ENABLE_OBJC_ARC = YES;
				CLANG_ENABLE_OBJC_WEAK = YES;
				CLANG_WARN_BLOCK_CAPTURE_AUTORELEASING = YES;
				CLANG_WARN_BOOL_CONVERSION = YES;
				CLANG_WARN_COMMA = YES;
				CLANG_WARN_CONSTANT_CONVERSION = YES;
				CLANG_WARN_DEPRECATED_OBJC_IMPLEMENTATIONS = YES;
				CLANG_WARN_DIRECT_OBJC_ISA_USAGE = YES_ERROR;
				CLANG_WARN_DOCUMENTATION_COMMENTS = YES;
				CLANG_WARN_EMPTY_BODY = YES;
				CLANG_WARN_ENUM_CONVERSION = YES;
				CLANG_WARN_INFINITE_RECURSION = YES;
				CLANG_WARN_INT_CONVERSION = YES;
				CLANG_WARN_NON_LITERAL_NULL_CONVERSION = YES;
				CLANG_WARN_OBJC_IMPLICIT_RETAIN_SELF = YES;
				CLANG_WARN_OBJC_LITERAL_CONVERSION = YES;
				CLANG_WARN_OBJC_ROOT_CLASS = YES_ERROR;
				CLANG_WARN_RANGE_LOOP_ANALYSIS = YES;
				CLANG_WARN_STRICT_PROTOTYPES = YES;
				CLANG_WARN_SUSPICIOUS_MOVE = YES;
				CLANG_WARN_UNGUARDED_AVAILABILITY = YES_AGGRESSIVE;
				CLANG_WARN_UNREACHABLE_CODE = YES;
				CLANG_WARN__DUPLICATE_METHOD_MATCH = YES;
				CODE_SIGN_IDENTITY = "iPhone Developer";
				COPY_PHASE_STRIP = NO;
				DEBUG_INFORMATION_FORMAT = "dwarf-with-dsym";
				ENABLE_NS_ASSERTIONS = NO;
				ENABLE_STRICT_OBJC_MSGSEND = YES;
				GCC_C_LANGUAGE_STANDARD = gnu11;
				GCC_NO_COMMON_BLOCKS = YES;
				GCC_WARN_64_TO_32_BIT_CONVERSION = YES;
				GCC_WARN_ABOUT_RETURN_TYPE = YES_ERROR;
				GCC_WARN_UNDECLARED_SELECTOR = YES;
				GCC_WARN_UNINITIALIZED_AUTOS = YES_AGGRESSIVE;
				GCC_WARN_UNUSED_FUNCTION = YES;
				GCC_WARN_UNUSED_VARIABLE = YES;
				IPHONEOS_DEPLOYMENT_TARGET = 12.2;
				MTL_ENABLE_DEBUG_INFO = NO;
				MTL_FAST_MATH = YES;
				SDKROOT = iphoneos;
				SWIFT_COMPILATION_MODE = wholemodule;
				SWIFT_OPTIMIZATION_LEVEL = "-O";
				VALIDATE_PRODUCT = YES;
			};
			name = Release;
		};
		8C6A581A22D0F10100DE3501 /* Debug */ = {
			isa = XCBuildConfiguration;
			baseConfigurationReference = 67577897838916698F9A0600 /* Pods-BaiSi.debug.xcconfig */;
			buildSettings = {
				ASSETCATALOG_COMPILER_APPICON_NAME = AppIcon;
				ASSETCATALOG_COMPILER_LAUNCHIMAGE_NAME = LaunchImage;
				CODE_SIGN_STYLE = Automatic;
				DEVELOPMENT_TEAM = THPFNYW7A3;
				INFOPLIST_FILE = BaiSi/Info.plist;
				IPHONEOS_DEPLOYMENT_TARGET = 8.0;
				LD_RUNPATH_SEARCH_PATHS = (
					"$(inherited)",
					"@executable_path/Frameworks",
				);
				PRODUCT_BUNDLE_IDENTIFIER = com.nexpaq.BaiSi;
				PRODUCT_NAME = "$(TARGET_NAME)";
				SWIFT_VERSION = 5.0;
				TARGETED_DEVICE_FAMILY = "1,2";
			};
			name = Debug;
		};
		8C6A581B22D0F10100DE3501 /* Release */ = {
			isa = XCBuildConfiguration;
			baseConfigurationReference = 16FF2155EC811201AD62FBCF /* Pods-BaiSi.release.xcconfig */;
			buildSettings = {
				ASSETCATALOG_COMPILER_APPICON_NAME = AppIcon;
				ASSETCATALOG_COMPILER_LAUNCHIMAGE_NAME = LaunchImage;
				CODE_SIGN_STYLE = Automatic;
				DEVELOPMENT_TEAM = THPFNYW7A3;
				INFOPLIST_FILE = BaiSi/Info.plist;
				IPHONEOS_DEPLOYMENT_TARGET = 8.0;
				LD_RUNPATH_SEARCH_PATHS = (
					"$(inherited)",
					"@executable_path/Frameworks",
				);
				PRODUCT_BUNDLE_IDENTIFIER = com.nexpaq.BaiSi;
				PRODUCT_NAME = "$(TARGET_NAME)";
				SWIFT_VERSION = 5.0;
				TARGETED_DEVICE_FAMILY = "1,2";
			};
			name = Release;
		};
		8C6A581D22D0F10100DE3501 /* Debug */ = {
			isa = XCBuildConfiguration;
			buildSettings = {
				ALWAYS_EMBED_SWIFT_STANDARD_LIBRARIES = YES;
				BUNDLE_LOADER = "$(TEST_HOST)";
				CODE_SIGN_STYLE = Automatic;
				DEVELOPMENT_TEAM = THPFNYW7A3;
				INFOPLIST_FILE = BaiSiTests/Info.plist;
				LD_RUNPATH_SEARCH_PATHS = (
					"$(inherited)",
					"@executable_path/Frameworks",
					"@loader_path/Frameworks",
				);
				PRODUCT_BUNDLE_IDENTIFIER = com.nexpaq.BaiSiTests;
				PRODUCT_NAME = "$(TARGET_NAME)";
				SWIFT_VERSION = 5.0;
				TARGETED_DEVICE_FAMILY = "1,2";
				TEST_HOST = "$(BUILT_PRODUCTS_DIR)/BaiSi.app/BaiSi";
			};
			name = Debug;
		};
		8C6A581E22D0F10100DE3501 /* Release */ = {
			isa = XCBuildConfiguration;
			buildSettings = {
				ALWAYS_EMBED_SWIFT_STANDARD_LIBRARIES = YES;
				BUNDLE_LOADER = "$(TEST_HOST)";
				CODE_SIGN_STYLE = Automatic;
				DEVELOPMENT_TEAM = THPFNYW7A3;
				INFOPLIST_FILE = BaiSiTests/Info.plist;
				LD_RUNPATH_SEARCH_PATHS = (
					"$(inherited)",
					"@executable_path/Frameworks",
					"@loader_path/Frameworks",
				);
				PRODUCT_BUNDLE_IDENTIFIER = com.nexpaq.BaiSiTests;
				PRODUCT_NAME = "$(TARGET_NAME)";
				SWIFT_VERSION = 5.0;
				TARGETED_DEVICE_FAMILY = "1,2";
				TEST_HOST = "$(BUILT_PRODUCTS_DIR)/BaiSi.app/BaiSi";
			};
			name = Release;
		};
		8C6A582022D0F10100DE3501 /* Debug */ = {
			isa = XCBuildConfiguration;
			buildSettings = {
				ALWAYS_EMBED_SWIFT_STANDARD_LIBRARIES = YES;
				CODE_SIGN_STYLE = Automatic;
				DEVELOPMENT_TEAM = THPFNYW7A3;
				INFOPLIST_FILE = BaiSiUITests/Info.plist;
				LD_RUNPATH_SEARCH_PATHS = (
					"$(inherited)",
					"@executable_path/Frameworks",
					"@loader_path/Frameworks",
				);
				PRODUCT_BUNDLE_IDENTIFIER = com.nexpaq.BaiSiUITests;
				PRODUCT_NAME = "$(TARGET_NAME)";
				SWIFT_VERSION = 5.0;
				TARGETED_DEVICE_FAMILY = "1,2";
				TEST_TARGET_NAME = BaiSi;
			};
			name = Debug;
		};
		8C6A582122D0F10100DE3501 /* Release */ = {
			isa = XCBuildConfiguration;
			buildSettings = {
				ALWAYS_EMBED_SWIFT_STANDARD_LIBRARIES = YES;
				CODE_SIGN_STYLE = Automatic;
				DEVELOPMENT_TEAM = THPFNYW7A3;
				INFOPLIST_FILE = BaiSiUITests/Info.plist;
				LD_RUNPATH_SEARCH_PATHS = (
					"$(inherited)",
					"@executable_path/Frameworks",
					"@loader_path/Frameworks",
				);
				PRODUCT_BUNDLE_IDENTIFIER = com.nexpaq.BaiSiUITests;
				PRODUCT_NAME = "$(TARGET_NAME)";
				SWIFT_VERSION = 5.0;
				TARGETED_DEVICE_FAMILY = "1,2";
				TEST_TARGET_NAME = BaiSi;
			};
			name = Release;
		};
/* End XCBuildConfiguration section */

/* Begin XCConfigurationList section */
		8C6A57EC22D0F0FD00DE3501 /* Build configuration list for PBXProject "BaiSi" */ = {
			isa = XCConfigurationList;
			buildConfigurations = (
				8C6A581722D0F10100DE3501 /* Debug */,
				8C6A581822D0F10100DE3501 /* Release */,
			);
			defaultConfigurationIsVisible = 0;
			defaultConfigurationName = Release;
		};
		8C6A581922D0F10100DE3501 /* Build configuration list for PBXNativeTarget "BaiSi" */ = {
			isa = XCConfigurationList;
			buildConfigurations = (
				8C6A581A22D0F10100DE3501 /* Debug */,
				8C6A581B22D0F10100DE3501 /* Release */,
			);
			defaultConfigurationIsVisible = 0;
			defaultConfigurationName = Release;
		};
		8C6A581C22D0F10100DE3501 /* Build configuration list for PBXNativeTarget "BaiSiTests" */ = {
			isa = XCConfigurationList;
			buildConfigurations = (
				8C6A581D22D0F10100DE3501 /* Debug */,
				8C6A581E22D0F10100DE3501 /* Release */,
			);
			defaultConfigurationIsVisible = 0;
			defaultConfigurationName = Release;
		};
		8C6A581F22D0F10100DE3501 /* Build configuration list for PBXNativeTarget "BaiSiUITests" */ = {
			isa = XCConfigurationList;
			buildConfigurations = (
				8C6A582022D0F10100DE3501 /* Debug */,
				8C6A582122D0F10100DE3501 /* Release */,
			);
			defaultConfigurationIsVisible = 0;
			defaultConfigurationName = Release;
		};
/* End XCConfigurationList section */
	};
	rootObject = 8C6A57E922D0F0FD00DE3501 /* Project object */;
}
